# This file is autogenerated, do not edit; changes may be undone by the next 'dep ensure'.


[[projects]]
  digest = "1:3ac248add5bb40a3c631c5334adcd09aa72d15af2768a5bc0274084ea7b2e5ba"
  name = "github.com/Sirupsen/logrus"
  packages = ["."]
  pruneopts = ""
  revision = "f006c2ac4710855cf0f916dd6b77acf6b048dc6e"
  version = "v1.0.3"

[[projects]]
  digest = "1:f19aa411c078f6bd138b3b5da138a7a0527fbb71b7d0cef54c9755bb73a9ab85"
  name = "github.com/aws/aws-sdk-go"
  packages = [
    "aws",
    "aws/awserr",
    "aws/awsutil",
    "aws/client",
    "aws/client/metadata",
    "aws/corehandlers",
    "aws/credentials",
    "aws/credentials/ec2rolecreds",
    "aws/credentials/endpointcreds",
    "aws/credentials/stscreds",
    "aws/defaults",
    "aws/ec2metadata",
    "aws/endpoints",
    "aws/request",
    "aws/session",
    "aws/signer/v4",
    "internal/shareddefaults",
    "private/protocol",
    "private/protocol/json/jsonutil",
    "private/protocol/jsonrpc",
    "private/protocol/query",
    "private/protocol/query/queryutil",
    "private/protocol/rest",
    "private/protocol/xml/xmlutil",
    "service/ecr",
    "service/sts",
  ]
  pruneopts = ""
  revision = "ee1f179877b2daf2aaabf71fa900773bf8842253"
  version = "v1.12.19"

[[projects]]
  digest = "1:3c3f68ebab415344aef64363d23471e953a4715645115604aaf57923ae904f5e"
  name = "github.com/coreos/go-semver"
  packages = ["semver"]
  pruneopts = ""
  revision = "8ab6407b697782a06568d4b7f1db25550ec2e4c6"
  version = "v0.2.0"

[[projects]]
  branch = "master"
  digest = "1:e33921bcfd658e4d5b66fce37742dbdddd7a55bdc72783a0a087cea24a848ab0"
  name = "github.com/drone-plugins/drone-docker"
  packages = ["."]
  pruneopts = ""
  revision = "9589237541a649677691284285f71ee2622065d5"

[[projects]]
  digest = "1:1f557d2b7814235704f63f15e5bd3d7a5d3be9d3f9e7bf74b411150df89886e6"
  name = "github.com/go-ini/ini"
  packages = ["."]
  pruneopts = ""
  revision = "f280b3ba517bf5fc98922624f21fb0e7a92adaec"
  version = "v1.30.3"

[[projects]]
  digest = "1:6f49eae0c1e5dab1dafafee34b207aeb7a42303105960944828c2079b92fc88e"
  name = "github.com/jmespath/go-jmespath"
  packages = ["."]
  pruneopts = ""
  revision = "0b12d6b5"

[[projects]]
  digest = "1:442baaf193e432b3432e26465fb36aed31484866ddb0ee11f68caceb130e317e"
  name = "github.com/joho/godotenv"
  packages = ["."]
  pruneopts = ""
  revision = "a79fa1e548e2c689c241d10173efd51e5d689d5b"
  version = "v1.2.0"

[[projects]]
  branch = "master"
  digest = "1:8e963dac42a45bf410f5f75788e198b6f6c13ffb8df1333e3bcd9164c961072b"
  name = "github.com/urfave/cli"
  packages = ["."]
  pruneopts = ""
  revision = "0d51abd87c7705e9ee80d7227d77fcea82d69b7f"
  source = "https://github.com/bradrydzewski/cli.git"

[[projects]]
  branch = "master"
  digest = "1:9489340a57b9ff6a1b6c8e16aaa65438b1fa0d6124a172d46a86f1b24fbcf639"
  name = "golang.org/x/crypto"
  packages = ["ssh/terminal"]
  pruneopts = ""
  revision = "2509b142fb2b797aa7587dad548f113b2c0f20ce"

[[projects]]
  branch = "master"
  digest = "1:48977491bac1aadf4a18af6460178620debb35a9ba2c73bdc786108492c014e0"
  name = "golang.org/x/sys"
  packages = [
    "unix",
    "windows",
  ]
  pruneopts = ""
  revision = "661970f62f5897bc0cd5fdca7e087ba8a98a8fa1"

[solve-meta]
  analyzer-name = "dep"
  analyzer-version = 1
  input-imports = [
    "github.com/Sirupsen/logrus",
    "github.com/aws/aws-sdk-go/aws",
    "github.com/aws/aws-sdk-go/aws/awserr",
    "github.com/aws/aws-sdk-go/aws/session",
    "github.com/aws/aws-sdk-go/service/ecr",
    "github.com/coreos/go-semver/semver",
    "github.com/drone-plugins/drone-docker",
    "github.com/joho/godotenv",
    "github.com/urfave/cli",
  ]
  solver-name = "gps-cdcl"
  solver-version = 1
